
Microsoft Visual Studio Solution File, Format Version 12.00
# Visual Studio Version 17
VisualStudioVersion = 17.14.36414.22 d17.14
MinimumVisualStudioVersion = 10.0.40219.1
Project("{8BC9CEB8-8B4A-11D0-8D11-00A0C91BC942}") = "furry-porn", "furry-porn\furry-porn.vcxproj", "{044D1CB9-ABBA-4197-81A1-67C707E695AC}"
EndProject
Global
	GlobalSection(SolutionConfigurationPlatforms) = preSolution
		Debug|x64 = Debug|x64
		Debug|x86 = Debug|x86
		Release|x64 = Release|x64
		Release|x86 = Release|x86
	EndGlobalSection
	GlobalSection(ProjectConfigurationPlatforms) = postSolution
		{044D1CB9-ABBA-4197-81A1-67C707E695AC}.Debug|x64.ActiveCfg = Debug|x64
		{044D1CB9-ABBA-4197-81A1-67C707E695AC}.Debug|x64.Build.0 = Debug|x64
		{044D1CB9-ABBA-4197-81A1-67C707E695AC}.Debug|x86.ActiveCfg = Debug|Win32
		{044D1CB9-ABBA-4197-81A1-67C707E695AC}.Debug|x86.Build.0 = Debug|Win32
		{044D1CB9-ABBA-4197-81A1-67C707E695AC}.Release|x64.ActiveCfg = Release|x64
		{044D1CB9-ABBA-4197-81A1-67C707E695AC}.Release|x64.Build.0 = Release|x64
		{044D1CB9-ABBA-4197-81A1-67C707E695AC}.Release|x86.ActiveCfg = Release|Win32
		{044D1CB9-ABBA-4197-81A1-67C707E695AC}.Release|x86.Build.0 = Release|Win32
	EndGlobalSection
	GlobalSection(SolutionProperties) = preSolution
		HideSolutionNode = FALSE
	EndGlobalSection
	GlobalSection(ExtensibilityGlobals) = postSolution
		SolutionGuid = {3D50E3CD-6B0A-4336-A614-1FDE139D7111}
	EndGlobalSection
EndGlobal
